{
  "name": "portfolio-cv",
  "lockfileVersion": 3,
  "requires": true,
  "packages": {
    "": {
      "dependencies": {
        "ajah": "^0.1.0",
        "ajax": "^0.0.4",
        "mdb-ui-kit": "^7.1.0"
      }
    },
    "node_modules/ajah": {
      "version": "0.1.0",
      "resolved": "https://registry.npmjs.org/ajah/-/ajah-0.1.0.tgz",
      "integrity": "sha512-epFoT28Fh6VFSQ+yp/TClZSPkiyYT5nRfaAUo74KKj4hN3DCrBesujHU7HpIQgps+rJ3Z17qw8rQL8EM4fI0Pw=="
    },
    "node_modules/ajax": {
      "version": "0.0.4",
      "resolved": "https://registry.npmjs.org/ajax/-/ajax-0.0.4.tgz",
      "integrity": "sha512-IEgdnz67DKuv2i8AnytAYtD+sGNTpSlXcwQsZbKWVqdC/O7cuXN0GfwCuhi19fyhpD0Gl22T5amxd2unqj0FAQ==",
      "dependencies": {
        "underscore": ""
      },
      "engines": {
        "node": ">=0.4.0"
      }
    },
    "node_modules/mdb-ui-kit": {
      "version": "7.1.0",
      "resolved": "https://registry.npmjs.org/mdb-ui-kit/-/mdb-ui-kit-7.1.0.tgz",
      "integrity": "sha512-10eKRstgrkobdWXMIpSkBS2xUJIFGehfbx9V/hEF9HB2RDeAoRSjdXyl15w7R7tya26k24JZJe0FozE0EHVikA=="
    },
    "node_modules/underscore": {
      "version": "1.13.6",
      "resolved": "https://registry.npmjs.org/underscore/-/underscore-1.13.6.tgz",
      "integrity": "sha512-+A5Sja4HP1M08MaXya7p5LvjuM7K6q/2EaC0+iovj/wOcMsTzMvDFbasi/oSapiwOlt252IqsKqPjCl7huKS0A=="
    }
  }
}
